
Microsoft Visual Studio Solution File, Format Version 12.00
# Visual Studio Version 16
VisualStudioVersion = 16.0.31729.503
MinimumVisualStudioVersion = 10.0.40219.1
Project("{FAE04EC0-301F-11D3-BF4B-00C04F79EFBC}") = "BlueClassicWin10", "BlueClassicWin10.csproj", "{FADBC4F2-126F-4741-A19C-4F20CB89A7CC}"
EndProject
Global
	GlobalSection(SolutionConfigurationPlatforms) = preSolution
		Debug|Any CPU = Debug|Any CPU
		Release|Any CPU = Release|Any CPU
	EndGlobalSection
	GlobalSection(ProjectConfigurationPlatforms) = postSolution
		{FADBC4F2-126F-4741-A19C-4F20CB89A7CC}.Debug|Any CPU.ActiveCfg = Debug|Any CPU
		{FADBC4F2-126F-4741-A19C-4F20CB89A7CC}.Debug|Any CPU.Build.0 = Debug|Any CPU
		{FADBC4F2-126F-4741-A19C-4F20CB89A7CC}.Release|Any CPU.ActiveCfg = Release|Any CPU
		{FADBC4F2-126F-4741-A19C-4F20CB89A7CC}.Release|Any CPU.Build.0 = Release|Any CPU
	EndGlobalSection
	GlobalSection(SolutionProperties) = preSolution
		HideSolutionNode = FALSE
	EndGlobalSection
	GlobalSection(ExtensibilityGlobals) = postSolution
		SolutionGuid = {B1F681CD-5ED6-4817-8B9A-41859F1B1381}
	EndGlobalSection
EndGlobal
